
Microsoft Visual Studio Solution File, Format Version 12.00
# Visual Studio Version 17
VisualStudioVersion = 17.7.34018.315
MinimumVisualStudioVersion = 10.0.40219.1
Project("{FAE04EC0-301F-11D3-BF4B-00C04F79EFBC}") = "ejercicio 2", "ejercicio 2\ejercicio 2.csproj", "{356CE952-ADC1-4777-89E0-9A05EB388342}"
EndProject
Global
	GlobalSection(SolutionConfigurationPlatforms) = preSolution
		Debug|Any CPU = Debug|Any CPU
		Release|Any CPU = Release|Any CPU
	EndGlobalSection
	GlobalSection(ProjectConfigurationPlatforms) = postSolution
		{356CE952-ADC1-4777-89E0-9A05EB388342}.Debug|Any CPU.ActiveCfg = Debug|Any CPU
		{356CE952-ADC1-4777-89E0-9A05EB388342}.Debug|Any CPU.Build.0 = Debug|Any CPU
		{356CE952-ADC1-4777-89E0-9A05EB388342}.Release|Any CPU.ActiveCfg = Release|Any CPU
		{356CE952-ADC1-4777-89E0-9A05EB388342}.Release|Any CPU.Build.0 = Release|Any CPU
	EndGlobalSection
	GlobalSection(SolutionProperties) = preSolution
		HideSolutionNode = FALSE
	EndGlobalSection
	GlobalSection(ExtensibilityGlobals) = postSolution
		SolutionGuid = {6BCD1725-E0B4-4BED-8192-C1755998C89A}
	EndGlobalSection
EndGlobal
